
Microsoft Visual Studio Solution File, Format Version 12.00
# Visual Studio Version 16
VisualStudioVersion = 16.0.29025.244
MinimumVisualStudioVersion = 10.0.40219.1
Project("{FAE04EC0-301F-11D3-BF4B-00C04F79EFBC}") = "XMasLights", "XMasLights.csproj", "{5BBF8444-5484-482E-9FA0-0BBD87FCAFDD}"
EndProject
Project("{FAE04EC0-301F-11D3-BF4B-00C04F79EFBC}") = "TestEffects", "TestEffects\TestEffects.csproj", "{405C4C53-0172-439C-8DE8-41CE1E265B0B}"
EndProject
Project("{FAE04EC0-301F-11D3-BF4B-00C04F79EFBC}") = "ColorMusicEffect", "ColorMusicEffect\ColorMusicEffect.csproj", "{4620C709-212E-467B-80C8-FE842D72D094}"
EndProject
Project("{FAE04EC0-301F-11D3-BF4B-00C04F79EFBC}") = "PlugInSystem", "PlugInSystemLib\PlugInSystem.csproj", "{9F38954D-3C8F-4492-A57B-51B0FAAD9D71}"
EndProject
Global
	GlobalSection(SolutionConfigurationPlatforms) = preSolution
		Debug|Any CPU = Debug|Any CPU
		Release|Any CPU = Release|Any CPU
	EndGlobalSection
	GlobalSection(ProjectConfigurationPlatforms) = postSolution
		{5BBF8444-5484-482E-9FA0-0BBD87FCAFDD}.Debug|Any CPU.ActiveCfg = Debug|Any CPU
		{5BBF8444-5484-482E-9FA0-0BBD87FCAFDD}.Debug|Any CPU.Build.0 = Debug|Any CPU
		{5BBF8444-5484-482E-9FA0-0BBD87FCAFDD}.Release|Any CPU.ActiveCfg = Release|Any CPU
		{5BBF8444-5484-482E-9FA0-0BBD87FCAFDD}.Release|Any CPU.Build.0 = Release|Any CPU
		{405C4C53-0172-439C-8DE8-41CE1E265B0B}.Debug|Any CPU.ActiveCfg = Debug|Any CPU
		{405C4C53-0172-439C-8DE8-41CE1E265B0B}.Debug|Any CPU.Build.0 = Debug|Any CPU
		{405C4C53-0172-439C-8DE8-41CE1E265B0B}.Release|Any CPU.ActiveCfg = Release|Any CPU
		{405C4C53-0172-439C-8DE8-41CE1E265B0B}.Release|Any CPU.Build.0 = Release|Any CPU
		{4620C709-212E-467B-80C8-FE842D72D094}.Debug|Any CPU.ActiveCfg = Debug|Any CPU
		{4620C709-212E-467B-80C8-FE842D72D094}.Debug|Any CPU.Build.0 = Debug|Any CPU
		{4620C709-212E-467B-80C8-FE842D72D094}.Release|Any CPU.ActiveCfg = Release|Any CPU
		{4620C709-212E-467B-80C8-FE842D72D094}.Release|Any CPU.Build.0 = Release|Any CPU
		{9F38954D-3C8F-4492-A57B-51B0FAAD9D71}.Debug|Any CPU.ActiveCfg = Debug|Any CPU
		{9F38954D-3C8F-4492-A57B-51B0FAAD9D71}.Debug|Any CPU.Build.0 = Debug|Any CPU
		{9F38954D-3C8F-4492-A57B-51B0FAAD9D71}.Release|Any CPU.ActiveCfg = Release|Any CPU
		{9F38954D-3C8F-4492-A57B-51B0FAAD9D71}.Release|Any CPU.Build.0 = Release|Any CPU
	EndGlobalSection
	GlobalSection(SolutionProperties) = preSolution
		HideSolutionNode = FALSE
	EndGlobalSection
	GlobalSection(ExtensibilityGlobals) = postSolution
		SolutionGuid = {E7E41E41-486C-42C8-A30E-33D96C09DC86}
	EndGlobalSection
EndGlobal
